// !$*UTF8*$!
{
	archiveVersion = 1;
	classes = {
	};
	objectVersion = 50;
	objects = {

/* Begin PBXBuildFile section */
		1545BEAE23463BB500D0118B /* AppDelegate.swift in Sources */ = {isa = PBXBuildFile; fileRef = 1545BEAD23463BB500D0118B /* AppDelegate.swift */; };
		1545BEB023463BB500D0118B /* SceneDelegate.swift in Sources */ = {isa = PBXBuildFile; fileRef = 1545BEAF23463BB500D0118B /* SceneDelegate.swift */; };
		1545BEB223463BB500D0118B /* ContentView.swift in Sources */ = {isa = PBXBuildFile; fileRef = 1545BEB123463BB500D0118B /* ContentView.swift */; };
		1545BEB423463BBA00D0118B /* Assets.xcassets in Resources */ = {isa = PBXBuildFile; fileRef = 1545BEB323463BBA00D0118B /* Assets.xcassets */; };
		1545BEB723463BBA00D0118B /* Preview Assets.xcassets in Resources */ = {isa = PBXBuildFile; fileRef = 1545BEB623463BBA00D0118B /* Preview Assets.xcassets */; };
		1545BEBA23463BBA00D0118B /* LaunchScreen.storyboard in Resources */ = {isa = PBXBuildFile; fileRef = 1545BEB823463BBA00D0118B /* LaunchScreen.storyboard */; };
		1545BEC223463D1B00D0118B /* CustomLabelTextField.swift in Sources */ = {isa = PBXBuildFile; fileRef = 1545BEC123463D1B00D0118B /* CustomLabelTextField.swift */; };
		1545BEC4234644C400D0118B /* RoundedButton.swift in Sources */ = {isa = PBXBuildFile; fileRef = 1545BEC3234644C400D0118B /* RoundedButton.swift */; };
		1545BEC6234655A600D0118B /* MakananModel.swift in Sources */ = {isa = PBXBuildFile; fileRef = 1545BEC5234655A600D0118B /* MakananModel.swift */; };
/* End PBXBuildFile section */

/* Begin PBXFileReference section */
		1545BEAA23463BB500D0118B /* Training 6 SwiftUI.app */ = {isa = PBXFileReference; explicitFileType = wrapper.application; includeInIndex = 0; path = "Training 6 SwiftUI.app"; sourceTree = BUILT_PRODUCTS_DIR; };
		1545BEAD23463BB500D0118B /* AppDelegate.swift */ = {isa = PBXFileReference; lastKnownFileType = sourcecode.swift; path = AppDelegate.swift; sourceTree = "<group>"; };
		1545BEAF23463BB500D0118B /* SceneDelegate.swift */ = {isa = PBXFileReference; lastKnownFileType = sourcecode.swift; path = SceneDelegate.swift; sourceTree = "<group>"; };
		1545BEB123463BB500D0118B /* ContentView.swift */ = {isa = PBXFileReference; lastKnownFileType = sourcecode.swift; path = ContentView.swift; sourceTree = "<group>"; };
		1545BEB323463BBA00D0118B /* Assets.xcassets */ = {isa = PBXFileReference; lastKnownFileType = folder.assetcatalog; path = Assets.xcassets; sourceTree = "<group>"; };
		1545BEB623463BBA00D0118B /* Preview Assets.xcassets */ = {isa = PBXFileReference; lastKnownFileType = folder.assetcatalog; path = "Preview Assets.xcassets"; sourceTree = "<group>"; };
		1545BEB923463BBA00D0118B /* Base */ = {isa = PBXFileReference; lastKnownFileType = file.storyboard; name = Base; path = Base.lproj/LaunchScreen.storyboard; sourceTree = "<group>"; };
		1545BEBB23463BBA00D0118B /* Info.plist */ = {isa = PBXFileReference; lastKnownFileType = text.plist.xml; path = Info.plist; sourceTree = "<group>"; };
		1545BEC123463D1B00D0118B /* CustomLabelTextField.swift */ = {isa = PBXFileReference; lastKnownFileType = sourcecode.swift; path = CustomLabelTextField.swift; sourceTree = "<group>"; };
		1545BEC3234644C400D0118B /* RoundedButton.swift */ = {isa = PBXFileReference; lastKnownFileType = sourcecode.swift; path = RoundedButton.swift; sourceTree = "<group>"; };
		1545BEC5234655A600D0118B /* MakananModel.swift */ = {isa = PBXFileReference; lastKnownFileType = sourcecode.swift; path = MakananModel.swift; sourceTree = "<group>"; };
/* End PBXFileReference section */

/* Begin PBXFrameworksBuildPhase section */
		1545BEA723463BB500D0118B /* Frameworks */ = {
			isa = PBXFrameworksBuildPhase;
			buildActionMask = 2147483647;
			files = (
			);
			runOnlyForDeploymentPostprocessing = 0;
		};
/* End PBXFrameworksBuildPhase section */

/* Begin PBXGroup section */
		1545BEA123463BB500D0118B = {
			isa = PBXGroup;
			children = (
				1545BEAC23463BB500D0118B /* Training 6 SwiftUI */,
				1545BEAB23463BB500D0118B /* Products */,
			);
			sourceTree = "<group>";
		};
		1545BEAB23463BB500D0118B /* Products */ = {
			isa = PBXGroup;
			children = (
				1545BEAA23463BB500D0118B /* Training 6 SwiftUI.app */,
			);
			name = Products;
			sourceTree = "<group>";
		};
		1545BEAC23463BB500D0118B /* Training 6 SwiftUI */ = {
			isa = PBXGroup;
			children = (
				1545BEAD23463BB500D0118B /* AppDelegate.swift */,
				1545BEAF23463BB500D0118B /* SceneDelegate.swift */,
				1545BEB123463BB500D0118B /* ContentView.swift */,
				1545BEB323463BBA00D0118B /* Assets.xcassets */,
				1545BEB823463BBA00D0118B /* LaunchScreen.storyboard */,
				1545BEBB23463BBA00D0118B /* Info.plist */,
				1545BEB523463BBA00D0118B /* Preview Content */,
				1545BEC123463D1B00D0118B /* CustomLabelTextField.swift */,
				1545BEC3234644C400D0118B /* RoundedButton.swift */,
				1545BEC5234655A600D0118B /* MakananModel.swift */,
			);
			path = "Training 6 SwiftUI";
			sourceTree = "<group>";
		};
		1545BEB523463BBA00D0118B /* Preview Content */ = {
			isa = PBXGroup;
			children = (
				1545BEB623463BBA00D0118B /* Preview Assets.xcassets */,
			);
			path = "Preview Content";
			sourceTree = "<group>";
		};
/* End PBXGroup section */

/* Begin PBXNativeTarget section */
		1545BEA923463BB500D0118B /* Training 6 SwiftUI */ = {
			isa = PBXNativeTarget;
			buildConfigurationList = 1545BEBE23463BBA00D0118B /* Build configuration list for PBXNativeTarget "Training 6 SwiftUI" */;
			buildPhases = (
				1545BEA623463BB500D0118B /* Sources */,
				1545BEA723463BB500D0118B /* Frameworks */,
				1545BEA823463BB500D0118B /* Resources */,
			);
			buildRules = (
			);
			dependencies = (
			);
			name = "Training 6 SwiftUI";
			productName = "Training 6 SwiftUI";
			productReference = 1545BEAA23463BB500D0118B /* Training 6 SwiftUI.app */;
			productType = "com.apple.product-type.application";
		};
/* End PBXNativeTarget section */

/* Begin PBXProject section */
		1545BEA223463BB500D0118B /* Project object */ = {
			isa = PBXProject;
			attributes = {
				LastSwiftUpdateCheck = 1100;
				LastUpgradeCheck = 1100;
				ORGANIZATIONNAME = yudha;
				TargetAttributes = {
					1545BEA923463BB500D0118B = {
						CreatedOnToolsVersion = 11.0;
					};
				};
			};
			buildConfigurationList = 1545BEA523463BB500D0118B /* Build configuration list for PBXProject "Training 6 SwiftUI" */;
			compatibilityVersion = "Xcode 9.3";
			developmentRegion = en;
			hasScannedForEncodings = 0;
			knownRegions = (
				en,
				Base,
			);
			mainGroup = 1545BEA123463BB500D0118B;
			productRefGroup = 1545BEAB23463BB500D0118B /* Products */;
			projectDirPath = "";
			projectRoot = "";
			targets = (
				1545BEA923463BB500D0118B /* Training 6 SwiftUI */,
			);
		};
/* End PBXProject section */

/* Begin PBXResourcesBuildPhase section */
		1545BEA823463BB500D0118B /* Resources */ = {
			isa = PBXResourcesBuildPhase;
			buildActionMask = 2147483647;
			files = (
				1545BEBA23463BBA00D0118B /* LaunchScreen.storyboard in Resources */,
				1545BEB723463BBA00D0118B /* Preview Assets.xcassets in Resources */,
				1545BEB423463BBA00D0118B /* Assets.xcassets in Resources */,
			);
			runOnlyForDeploymentPostprocessing = 0;
		};
/* End PBXResourcesBuildPhase section */

/* Begin PBXSourcesBuildPhase section */
		1545BEA623463BB500D0118B /* Sources */ = {
			isa = PBXSourcesBuildPhase;
			buildActionMask = 2147483647;
			files = (
				1545BEAE23463BB500D0118B /* AppDelegate.swift in Sources */,
				1545BEC4234644C400D0118B /* RoundedButton.swift in Sources */,
				1545BEC223463D1B00D0118B /* CustomLabelTextField.swift in Sources */,
				1545BEB023463BB500D0118B /* SceneDelegate.swift in Sources */,
				1545BEB223463BB500D0118B /* ContentView.swift in Sources */,
				1545BEC6234655A600D0118B /* MakananModel.swift in Sources */,
			);
			runOnlyForDeploymentPostprocessing = 0;
		};
/* End PBXSourcesBuildPhase section */

/* Begin PBXVariantGroup section */
		1545BEB823463BBA00D0118B /* LaunchScreen.storyboard */ = {
			isa = PBXVariantGroup;
			children = (
				1545BEB923463BBA00D0118B /* Base */,
			);
			name = LaunchScreen.storyboard;
			sourceTree = "<group>";
		};
/* End PBXVariantGroup section */

/* Begin XCBuildConfiguration section */
		1545BEBC23463BBA00D0118B /* Debug */ = {
			isa = XCBuildConfiguration;
			buildSettings = {
				ALWAYS_SEARCH_USER_PATHS = NO;
				CLANG_ANALYZER_NONNULL = YES;
				CLANG_ANALYZER_NUMBER_OBJECT_CONVERSION = YES_AGGRESSIVE;
				CLANG_CXX_LANGUAGE_STANDARD = "gnu++14";
				CLANG_CXX_LIBRARY = "libc++";
				CLANG_ENABLE_MODULES = YES;
				CLANG_ENABLE_OBJC_ARC = YES;
				CLANG_ENABLE_OBJC_WEAK = YES;
				CLANG_WARN_BLOCK_CAPTURE_AUTORELEASING = YES;
				CLANG_WARN_BOOL_CONVERSION = YES;
				CLANG_WARN_COMMA = YES;
				CLANG_WARN_CONSTANT_CONVERSION = YES;
				CLANG_WARN_DEPRECATED_OBJC_IMPLEMENTATIONS = YES;
				CLANG_WARN_DIRECT_OBJC_ISA_USAGE = YES_ERROR;
				CLANG_WARN_DOCUMENTATION_COMMENTS = YES;
				CLANG_WARN_EMPTY_BODY = YES;
				CLANG_WARN_ENUM_CONVERSION = YES;
				CLANG_WARN_INFINITE_RECURSION = YES;
				CLANG_WARN_INT_CONVERSION = YES;
				CLANG_WARN_NON_LITERAL_NULL_CONVERSION = YES;
				CLANG_WARN_OBJC_IMPLICIT_RETAIN_SELF = YES;
				CLANG_WARN_OBJC_LITERAL_CONVERSION = YES;
				CLANG_WARN_OBJC_ROOT_CLASS = YES_ERROR;
				CLANG_WARN_RANGE_LOOP_ANALYSIS = YES;
				CLANG_WARN_STRICT_PROTOTYPES = YES;
				CLANG_WARN_SUSPICIOUS_MOVE = YES;
				CLANG_WARN_UNGUARDED_AVAILABILITY = YES_AGGRESSIVE;
				CLANG_WARN_UNREACHABLE_CODE = YES;
				CLANG_WARN__DUPLICATE_METHOD_MATCH = YES;
				COPY_PHASE_STRIP = NO;
				DEBUG_INFORMATION_FORMAT = dwarf;
				ENABLE_STRICT_OBJC_MSGSEND = YES;
				ENABLE_TESTABILITY = YES;
				GCC_C_LANGUAGE_STANDARD = gnu11;
				GCC_DYNAMIC_NO_PIC = NO;
				GCC_NO_COMMON_BLOCKS = YES;
				GCC_OPTIMIZATION_LEVEL = 0;
				GCC_PREPROCESSOR_DEFINITIONS = (
					"DEBUG=1",
					"$(inherited)",
				);
				GCC_WARN_64_TO_32_BIT_CONVERSION = YES;
				GCC_WARN_ABOUT_RETURN_TYPE = YES_ERROR;
				GCC_WARN_UNDECLARED_SELECTOR = YES;
				GCC_WARN_UNINITIALIZED_AUTOS = YES_AGGRESSIVE;
				GCC_WARN_UNUSED_FUNCTION = YES;
				GCC_WARN_UNUSED_VARIABLE = YES;
				IPHONEOS_DEPLOYMENT_TARGET = 13.0;
				MTL_ENABLE_DEBUG_INFO = INCLUDE_SOURCE;
				MTL_FAST_MATH = YES;
				ONLY_ACTIVE_ARCH = YES;
				SDKROOT = iphoneos;
				SWIFT_ACTIVE_COMPILATION_CONDITIONS = DEBUG;
				SWIFT_OPTIMIZATION_LEVEL = "-Onone";
			};
			name = Debug;
		};
		1545BEBD23463BBA00D0118B /* Release */ = {
			isa = XCBuildConfiguration;
			buildSettings = {
				ALWAYS_SEARCH_USER_PATHS = NO;
				CLANG_ANALYZER_NONNULL = YES;
				CLANG_ANALYZER_NUMBER_OBJECT_CONVERSION = YES_AGGRESSIVE;
				CLANG_CXX_LANGUAGE_STANDARD = "gnu++14";
				CLANG_CXX_LIBRARY = "libc++";
				CLANG_ENABLE_MODULES = YES;
				CLANG_ENABLE_OBJC_ARC = YES;
				CLANG_ENABLE_OBJC_WEAK = YES;
				CLANG_WARN_BLOCK_CAPTURE_AUTORELEASING = YES;
				CLANG_WARN_BOOL_CONVERSION = YES;
				CLANG_WARN_COMMA = YES;
				CLANG_WARN_CONSTANT_CONVERSION = YES;
				CLANG_WARN_DEPRECATED_OBJC_IMPLEMENTATIONS = YES;
				CLANG_WARN_DIRECT_OBJC_ISA_USAGE = YES_ERROR;
				CLANG_WARN_DOCUMENTATION_COMMENTS = YES;
				CLANG_WARN_EMPTY_BODY = YES;
				CLANG_WARN_ENUM_CONVERSION = YES;
				CLANG_WARN_INFINITE_RECURSION = YES;
				CLANG_WARN_INT_CONVERSION = YES;
				CLANG_WARN_NON_LITERAL_NULL_CONVERSION = YES;
				CLANG_WARN_OBJC_IMPLICIT_RETAIN_SELF = YES;
				CLANG_WARN_OBJC_LITERAL_CONVERSION = YES;
				CLANG_WARN_OBJC_ROOT_CLASS = YES_ERROR;
				CLANG_WARN_RANGE_LOOP_ANALYSIS = YES;
				CLANG_WARN_STRICT_PROTOTYPES = YES;
				CLANG_WARN_SUSPICIOUS_MOVE = YES;
				CLANG_WARN_UNGUARDED_AVAILABILITY = YES_AGGRESSIVE;
				CLANG_WARN_UNREACHABLE_CODE = YES;
				CLANG_WARN__DUPLICATE_METHOD_MATCH = YES;
				COPY_PHASE_STRIP = NO;
				DEBUG_INFORMATION_FORMAT = "dwarf-with-dsym";
				ENABLE_NS_ASSERTIONS = NO;
				ENABLE_STRICT_OBJC_MSGSEND = YES;
				GCC_C_LANGUAGE_STANDARD = gnu11;
				GCC_NO_COMMON_BLOCKS = YES;
				GCC_WARN_64_TO_32_BIT_CONVERSION = YES;
				GCC_WARN_ABOUT_RETURN_TYPE = YES_ERROR;
				GCC_WARN_UNDECLARED_SELECTOR = YES;
				GCC_WARN_UNINITIALIZED_AUTOS = YES_AGGRESSIVE;
				GCC_WARN_UNUSED_FUNCTION = YES;
				GCC_WARN_UNUSED_VARIABLE = YES;
				IPHONEOS_DEPLOYMENT_TARGET = 13.0;
				MTL_ENABLE_DEBUG_INFO = NO;
				MTL_FAST_MATH = YES;
				SDKROOT = iphoneos;
				SWIFT_COMPILATION_MODE = wholemodule;
				SWIFT_OPTIMIZATION_LEVEL = "-O";
				VALIDATE_PRODUCT = YES;
			};
			name = Release;
		};
		1545BEBF23463BBA00D0118B /* Debug */ = {
			isa = XCBuildConfiguration;
			buildSettings = {
				ASSETCATALOG_COMPILER_APPICON_NAME = AppIcon;
				CODE_SIGN_STYLE = Automatic;
				DEVELOPMENT_ASSET_PATHS = "\"Training 6 SwiftUI/Preview Content\"";
				DEVELOPMENT_TEAM = RGUA98U4CD;
				ENABLE_PREVIEWS = YES;
				INFOPLIST_FILE = "Training 6 SwiftUI/Info.plist";
				LD_RUNPATH_SEARCH_PATHS = (
					"$(inherited)",
					"@executable_path/Frameworks",
				);
				PRODUCT_BUNDLE_IDENTIFIER = "com.yudha.Training-6-SwiftUI";
				PRODUCT_NAME = "$(TARGET_NAME)";
				SWIFT_VERSION = 5.0;
				TARGETED_DEVICE_FAMILY = "1,2";
			};
			name = Debug;
		};
		1545BEC023463BBA00D0118B /* Release */ = {
			isa = XCBuildConfiguration;
			buildSettings = {
				ASSETCATALOG_COMPILER_APPICON_NAME = AppIcon;
				CODE_SIGN_STYLE = Automatic;
				DEVELOPMENT_ASSET_PATHS = "\"Training 6 SwiftUI/Preview Content\"";
				DEVELOPMENT_TEAM = RGUA98U4CD;
				ENABLE_PREVIEWS = YES;
				INFOPLIST_FILE = "Training 6 SwiftUI/Info.plist";
				LD_RUNPATH_SEARCH_PATHS = (
					"$(inherited)",
					"@executable_path/Frameworks",
				);
				PRODUCT_BUNDLE_IDENTIFIER = "com.yudha.Training-6-SwiftUI";
				PRODUCT_NAME = "$(TARGET_NAME)";
				SWIFT_VERSION = 5.0;
				TARGETED_DEVICE_FAMILY = "1,2";
			};
			name = Release;
		};
/* End XCBuildConfiguration section */

/* Begin XCConfigurationList section */
		1545BEA523463BB500D0118B /* Build configuration list for PBXProject "Training 6 SwiftUI" */ = {
			isa = XCConfigurationList;
			buildConfigurations = (
				1545BEBC23463BBA00D0118B /* Debug */,
				1545BEBD23463BBA00D0118B /* Release */,
			);
			defaultConfigurationIsVisible = 0;
			defaultConfigurationName = Release;
		};
		1545BEBE23463BBA00D0118B /* Build configuration list for PBXNativeTarget "Training 6 SwiftUI" */ = {
			isa = XCConfigurationList;
			buildConfigurations = (
				1545BEBF23463BBA00D0118B /* Debug */,
				1545BEC023463BBA00D0118B /* Release */,
			);
			defaultConfigurationIsVisible = 0;
			defaultConfigurationName = Release;
		};
/* End XCConfigurationList section */
	};
	rootObject = 1545BEA223463BB500D0118B /* Project object */;
}
